// !$*UTF8*$!
{
	archiveVersion = 1;
	classes = {
	};
	objectVersion = 46;
	objects = {

/* Begin PBXBuildFile section */
		1A2C714616DE515D00091C15 /* Cocoa.framework in Frameworks */ = {isa = PBXBuildFile; fileRef = 1A2C714516DE515D00091C15 /* Cocoa.framework */; };
		1A2C715016DE515D00091C15 /* InfoPlist.strings in Resources */ = {isa = PBXBuildFile; fileRef = 1A2C714E16DE515D00091C15 /* InfoPlist.strings */; };
		1A2C715216DE515D00091C15 /* main.m in Sources */ = {isa = PBXBuildFile; fileRef = 1A2C715116DE515D00091C15 /* main.m */; };
		1A2C715616DE515D00091C15 /* Credits.rtf in Resources */ = {isa = PBXBuildFile; fileRef = 1A2C715416DE515D00091C15 /* Credits.rtf */; };
		1A2C715916DE515D00091C15 /* AppDelegate.m in Sources */ = {isa = PBXBuildFile; fileRef = 1A2C715816DE515D00091C15 /* AppDelegate.m */; };
		1A2C715C16DE515D00091C15 /* MainMenu.xib in Resources */ = {isa = PBXBuildFile; fileRef = 1A2C715A16DE515D00091C15 /* MainMenu.xib */; };
		1A2C716316DE58D300091C15 /* QuartzCore.framework in Frameworks */ = {isa = PBXBuildFile; fileRef = 1A2C716216DE58D300091C15 /* QuartzCore.framework */; };
		1A2C716616DE7BC200091C15 /* StatusView.m in Sources */ = {isa = PBXBuildFile; fileRef = 1A2C716516DE7BC200091C15 /* StatusView.m */; };
		1A2C716916DE83CB00091C15 /* ScriptingBridge.framework in Frameworks */ = {isa = PBXBuildFile; fileRef = 1A2C716816DE83CB00091C15 /* ScriptingBridge.framework */; };
		1A3031DC16F1ECFF00C91EF4 /* ADPlayer.m in Sources */ = {isa = PBXBuildFile; fileRef = 1A3031DB16F1ECFF00C91EF4 /* ADPlayer.m */; };
		1A3031E116F231B200C91EF4 /* ADTrack.m in Sources */ = {isa = PBXBuildFile; fileRef = 1A3031E016F231B100C91EF4 /* ADTrack.m */; };
		1A6A0A3E16F781BD00939616 /* FontView.m in Sources */ = {isa = PBXBuildFile; fileRef = 1A6A0A3D16F781BD00939616 /* FontView.m */; };
		1A801CB716EF8B3D00532C54 /* Background.m in Sources */ = {isa = PBXBuildFile; fileRef = 1A801CB616EF8B3D00532C54 /* Background.m */; };
		1A801CBA16EF8CE600532C54 /* LBProgressBar.m in Sources */ = {isa = PBXBuildFile; fileRef = 1A801CB916EF8CE600532C54 /* LBProgressBar.m */; };
		1A801CC316EFA12F00532C54 /* SNRVerticalSliderCell.m in Sources */ = {isa = PBXBuildFile; fileRef = 1A801CC216EFA12E00532C54 /* SNRVerticalSliderCell.m */; };
		1A801CE616EFA1F200532C54 /* JKSMoviePlayerSliderCell.m in Sources */ = {isa = PBXBuildFile; fileRef = 1A801CE516EFA1F200532C54 /* JKSMoviePlayerSliderCell.m */; };
		1A9081B516F8B2D400651C27 /* iTunes mini_pause.png in Resources */ = {isa = PBXBuildFile; fileRef = 1A9081B116F8B2D300651C27 /* iTunes mini_pause.png */; };
		1A9081B616F8B2D400651C27 /* iTunes mini_play.png in Resources */ = {isa = PBXBuildFile; fileRef = 1A9081B216F8B2D300651C27 /* iTunes mini_play.png */; };
		1A9081B716F8B2D400651C27 /* iTunes mini_prev.png in Resources */ = {isa = PBXBuildFile; fileRef = 1A9081B316F8B2D300651C27 /* iTunes mini_prev.png */; };
		1A9081B816F8B2D400651C27 /* iTunes mini_nexxt.png in Resources */ = {isa = PBXBuildFile; fileRef = 1A9081B416F8B2D300651C27 /* iTunes mini_nexxt.png */; };
		1A9081C116F8C61A00651C27 /* ANSegmentedCell.m in Sources */ = {isa = PBXBuildFile; fileRef = 1A9081BA16F8C61A00651C27 /* ANSegmentedCell.m */; };
		1A9081C216F8C61A00651C27 /* ANSegmentedControl.m in Sources */ = {isa = PBXBuildFile; fileRef = 1A9081BC16F8C61A00651C27 /* ANSegmentedControl.m */; };
		1A9081C316F8C61A00651C27 /* NSBezierPath+MCAdditions.m in Sources */ = {isa = PBXBuildFile; fileRef = 1A9081BE16F8C61A00651C27 /* NSBezierPath+MCAdditions.m */; };
		1A9081C416F8C61A00651C27 /* NSShadow+MCAdditions.m in Sources */ = {isa = PBXBuildFile; fileRef = 1A9081C016F8C61A00651C27 /* NSShadow+MCAdditions.m */; };
		1A9081C816F8D79D00651C27 /* BackView.m in Sources */ = {isa = PBXBuildFile; fileRef = 1A9081C716F8D79D00651C27 /* BackView.m */; };
		1AD2AFDA16F0E9F20058421C /* PlayerApplication.m in Sources */ = {isa = PBXBuildFile; fileRef = 1AD2AFD916F0E9F20058421C /* PlayerApplication.m */; };
		1AE0644416E8FC04000E100A /* mbFliperViews.m in Sources */ = {isa = PBXBuildFile; fileRef = 1AE0644316E8FC04000E100A /* mbFliperViews.m */; };
		1AE5D82416E7B267009D1BF3 /* ControlView.m in Sources */ = {isa = PBXBuildFile; fileRef = 1AE5D82316E7B267009D1BF3 /* ControlView.m */; };
		DC1073E516E3B11900EBF5FE /* MenubarController.m in Sources */ = {isa = PBXBuildFile; fileRef = DC1073DC16E3B11900EBF5FE /* MenubarController.m */; };
		DC1073E616E3B11900EBF5FE /* PanelController.m in Sources */ = {isa = PBXBuildFile; fileRef = DC1073DE16E3B11900EBF5FE /* PanelController.m */; };
		DC1073E716E3B11900EBF5FE /* Panel.m in Sources */ = {isa = PBXBuildFile; fileRef = DC1073E016E3B11900EBF5FE /* Panel.m */; };
		DC1073E816E3B11900EBF5FE /* StatusItemView.m in Sources */ = {isa = PBXBuildFile; fileRef = DC1073E216E3B11900EBF5FE /* StatusItemView.m */; };
		DC1073E916E3B11900EBF5FE /* BackgroundView.m in Sources */ = {isa = PBXBuildFile; fileRef = DC1073E416E3B11900EBF5FE /* BackgroundView.m */; };
		DC1073EE16E3B11900EBF5FE /* Status.png in Resources */ = {isa = PBXBuildFile; fileRef = DC1073EA16E3B11900EBF5FE /* Status.png */; };
		DC1073EF16E3B11900EBF5FE /* StatusHighlighted.png in Resources */ = {isa = PBXBuildFile; fileRef = DC1073EB16E3B11900EBF5FE /* StatusHighlighted.png */; };
		DC1073F116E3B11900EBF5FE /* Panel.xib in Resources */ = {isa = PBXBuildFile; fileRef = DC1073ED16E3B11900EBF5FE /* Panel.xib */; };
		DC1073F416E3B11900EBF5FE /* Sample.tiff in Resources */ = {isa = PBXBuildFile; fileRef = DC1073F316E3B11900EBF5FE /* Sample.tiff */; };
		DC1073FD16E3B4A700EBF5FE /* Auckland_Next_alt.png in Resources */ = {isa = PBXBuildFile; fileRef = DC1073F516E3B4A600EBF5FE /* Auckland_Next_alt.png */; };
		DC1073FE16E3B4A700EBF5FE /* Auckland_Next.png in Resources */ = {isa = PBXBuildFile; fileRef = DC1073F616E3B4A600EBF5FE /* Auckland_Next.png */; };
		DC1073FF16E3B4A700EBF5FE /* Auckland_Pause_alt.png in Resources */ = {isa = PBXBuildFile; fileRef = DC1073F716E3B4A600EBF5FE /* Auckland_Pause_alt.png */; };
		DC10740016E3B4A700EBF5FE /* Auckland_Pause.png in Resources */ = {isa = PBXBuildFile; fileRef = DC1073F816E3B4A600EBF5FE /* Auckland_Pause.png */; };
		DC10740116E3B4A700EBF5FE /* Auckland_Play_alt.png in Resources */ = {isa = PBXBuildFile; fileRef = DC1073F916E3B4A600EBF5FE /* Auckland_Play_alt.png */; };
		DC10740216E3B4A700EBF5FE /* Auckland_Play.png in Resources */ = {isa = PBXBuildFile; fileRef = DC1073FA16E3B4A600EBF5FE /* Auckland_Play.png */; };
		DC10740316E3B4A700EBF5FE /* Auckland_Previous_alt.png in Resources */ = {isa = PBXBuildFile; fileRef = DC1073FB16E3B4A700EBF5FE /* Auckland_Previous_alt.png */; };
		DC10740416E3B4A700EBF5FE /* Auckland_Previous.png in Resources */ = {isa = PBXBuildFile; fileRef = DC1073FC16E3B4A700EBF5FE /* Auckland_Previous.png */; };
/* End PBXBuildFile section */

/* Begin PBXFileReference section */
		1A2C714216DE515D00091C15 /* Maori.app */ = {isa = PBXFileReference; explicitFileType = wrapper.application; includeInIndex = 0; path = Maori.app; sourceTree = BUILT_PRODUCTS_DIR; };
		1A2C714516DE515D00091C15 /* Cocoa.framework */ = {isa = PBXFileReference; lastKnownFileType = wrapper.framework; name = Cocoa.framework; path = System/Library/Frameworks/Cocoa.framework; sourceTree = SDKROOT; };
		1A2C714816DE515D00091C15 /* AppKit.framework */ = {isa = PBXFileReference; lastKnownFileType = wrapper.framework; name = AppKit.framework; path = System/Library/Frameworks/AppKit.framework; sourceTree = SDKROOT; };
		1A2C714916DE515D00091C15 /* CoreData.framework */ = {isa = PBXFileReference; lastKnownFileType = wrapper.framework; name = CoreData.framework; path = System/Library/Frameworks/CoreData.framework; sourceTree = SDKROOT; };
		1A2C714A16DE515D00091C15 /* Foundation.framework */ = {isa = PBXFileReference; lastKnownFileType = wrapper.framework; name = Foundation.framework; path = System/Library/Frameworks/Foundation.framework; sourceTree = SDKROOT; };
		1A2C714D16DE515D00091C15 /* Maori-Info.plist */ = {isa = PBXFileReference; lastKnownFileType = text.plist.xml; path = "Maori-Info.plist"; sourceTree = "<group>"; };
		1A2C714F16DE515D00091C15 /* en */ = {isa = PBXFileReference; lastKnownFileType = text.plist.strings; name = en; path = en.lproj/InfoPlist.strings; sourceTree = "<group>"; };
		1A2C715116DE515D00091C15 /* main.m */ = {isa = PBXFileReference; lastKnownFileType = sourcecode.c.objc; path = main.m; sourceTree = "<group>"; };
		1A2C715316DE515D00091C15 /* Maori-Prefix.pch */ = {isa = PBXFileReference; lastKnownFileType = sourcecode.c.h; path = "Maori-Prefix.pch"; sourceTree = "<group>"; };
		1A2C715516DE515D00091C15 /* en */ = {isa = PBXFileReference; lastKnownFileType = text.rtf; name = en; path = en.lproj/Credits.rtf; sourceTree = "<group>"; };
		1A2C715716DE515D00091C15 /* AppDelegate.h */ = {isa = PBXFileReference; lastKnownFileType = sourcecode.c.h; path = AppDelegate.h; sourceTree = "<group>"; };
		1A2C715816DE515D00091C15 /* AppDelegate.m */ = {isa = PBXFileReference; lastKnownFileType = sourcecode.c.objc; path = AppDelegate.m; sourceTree = "<group>"; };
		1A2C715B16DE515D00091C15 /* en */ = {isa = PBXFileReference; lastKnownFileType = file.xib; name = en; path = en.lproj/MainMenu.xib; sourceTree = "<group>"; };
		1A2C716216DE58D300091C15 /* QuartzCore.framework */ = {isa = PBXFileReference; lastKnownFileType = wrapper.framework; name = QuartzCore.framework; path = System/Library/Frameworks/QuartzCore.framework; sourceTree = SDKROOT; };
		1A2C716416DE7BC200091C15 /* StatusView.h */ = {isa = PBXFileReference; fileEncoding = 4; lastKnownFileType = sourcecode.c.h; path = StatusView.h; sourceTree = "<group>"; };
		1A2C716516DE7BC200091C15 /* StatusView.m */ = {isa = PBXFileReference; fileEncoding = 4; lastKnownFileType = sourcecode.c.objc; path = StatusView.m; sourceTree = "<group>"; };
		1A2C716716DE818E00091C15 /* iTunes.h */ = {isa = PBXFileReference; fileEncoding = 4; lastKnownFileType = sourcecode.c.h; path = iTunes.h; sourceTree = "<group>"; };
		1A2C716816DE83CB00091C15 /* ScriptingBridge.framework */ = {isa = PBXFileReference; lastKnownFileType = wrapper.framework; name = ScriptingBridge.framework; path = System/Library/Frameworks/ScriptingBridge.framework; sourceTree = SDKROOT; };
		1A3031DA16F1ECFF00C91EF4 /* ADPlayer.h */ = {isa = PBXFileReference; fileEncoding = 4; lastKnownFileType = sourcecode.c.h; path = ADPlayer.h; sourceTree = "<group>"; };
		1A3031DB16F1ECFF00C91EF4 /* ADPlayer.m */ = {isa = PBXFileReference; fileEncoding = 4; lastKnownFileType = sourcecode.c.objc; path = ADPlayer.m; sourceTree = "<group>"; };
		1A3031DD16F2222A00C91EF4 /* Radium.h */ = {isa = PBXFileReference; fileEncoding = 4; lastKnownFileType = sourcecode.c.h; path = Radium.h; sourceTree = "<group>"; };
		1A3031DE16F2224B00C91EF4 /* Rdio.h */ = {isa = PBXFileReference; fileEncoding = 4; lastKnownFileType = sourcecode.c.h; path = Rdio.h; sourceTree = "<group>"; };
		1A3031DF16F231B100C91EF4 /* ADTrack.h */ = {isa = PBXFileReference; fileEncoding = 4; lastKnownFileType = sourcecode.c.h; path = ADTrack.h; sourceTree = "<group>"; };
		1A3031E016F231B100C91EF4 /* ADTrack.m */ = {isa = PBXFileReference; fileEncoding = 4; lastKnownFileType = sourcecode.c.objc; path = ADTrack.m; sourceTree = "<group>"; };
		1A6A0A3C16F781BD00939616 /* FontView.h */ = {isa = PBXFileReference; fileEncoding = 4; lastKnownFileType = sourcecode.c.h; path = FontView.h; sourceTree = "<group>"; };
		1A6A0A3D16F781BD00939616 /* FontView.m */ = {isa = PBXFileReference; fileEncoding = 4; lastKnownFileType = sourcecode.c.objc; path = FontView.m; sourceTree = "<group>"; };
		1A801CB516EF8B3D00532C54 /* Background.h */ = {isa = PBXFileReference; fileEncoding = 4; lastKnownFileType = sourcecode.c.h; path = Background.h; sourceTree = "<group>"; };
		1A801CB616EF8B3D00532C54 /* Background.m */ = {isa = PBXFileReference; fileEncoding = 4; lastKnownFileType = sourcecode.c.objc; path = Background.m; sourceTree = "<group>"; };
		1A801CB816EF8CE600532C54 /* LBProgressBar.h */ = {isa = PBXFileReference; fileEncoding = 4; lastKnownFileType = sourcecode.c.h; path = LBProgressBar.h; sourceTree = "<group>"; };
		1A801CB916EF8CE600532C54 /* LBProgressBar.m */ = {isa = PBXFileReference; fileEncoding = 4; lastKnownFileType = sourcecode.c.objc; path = LBProgressBar.m; sourceTree = "<group>"; };
		1A801CC116EFA12E00532C54 /* SNRVerticalSliderCell.h */ = {isa = PBXFileReference; fileEncoding = 4; lastKnownFileType = sourcecode.c.h; path = SNRVerticalSliderCell.h; sourceTree = "<group>"; };
		1A801CC216EFA12E00532C54 /* SNRVerticalSliderCell.m */ = {isa = PBXFileReference; fileEncoding = 4; lastKnownFileType = sourcecode.c.objc; path = SNRVerticalSliderCell.m; sourceTree = "<group>"; };
		1A801CE416EFA1F200532C54 /* JKSMoviePlayerSliderCell.h */ = {isa = PBXFileReference; fileEncoding = 4; lastKnownFileType = sourcecode.c.h; path = JKSMoviePlayerSliderCell.h; sourceTree = "<group>"; };
		1A801CE516EFA1F200532C54 /* JKSMoviePlayerSliderCell.m */ = {isa = PBXFileReference; fileEncoding = 4; lastKnownFileType = sourcecode.c.objc; path = JKSMoviePlayerSliderCell.m; sourceTree = "<group>"; };
		1A9081B116F8B2D300651C27 /* iTunes mini_pause.png */ = {isa = PBXFileReference; lastKnownFileType = image.png; path = "iTunes mini_pause.png"; sourceTree = "<group>"; };
		1A9081B216F8B2D300651C27 /* iTunes mini_play.png */ = {isa = PBXFileReference; lastKnownFileType = image.png; path = "iTunes mini_play.png"; sourceTree = "<group>"; };
		1A9081B316F8B2D300651C27 /* iTunes mini_prev.png */ = {isa = PBXFileReference; lastKnownFileType = image.png; path = "iTunes mini_prev.png"; sourceTree = "<group>"; };
		1A9081B416F8B2D300651C27 /* iTunes mini_nexxt.png */ = {isa = PBXFileReference; lastKnownFileType = image.png; path = "iTunes mini_nexxt.png"; sourceTree = "<group>"; };
		1A9081B916F8C61A00651C27 /* ANSegmentedCell.h */ = {isa = PBXFileReference; fileEncoding = 4; lastKnownFileType = sourcecode.c.h; name = ANSegmentedCell.h; path = "../../../Downloads/ANSegmentedControl-master/Sample/Sample/ANSegmentedControl/ANSegmentedCell.h"; sourceTree = "<group>"; };
		1A9081BA16F8C61A00651C27 /* ANSegmentedCell.m */ = {isa = PBXFileReference; fileEncoding = 4; lastKnownFileType = sourcecode.c.objc; name = ANSegmentedCell.m; path = "../../../Downloads/ANSegmentedControl-master/Sample/Sample/ANSegmentedControl/ANSegmentedCell.m"; sourceTree = "<group>"; };
		1A9081BB16F8C61A00651C27 /* ANSegmentedControl.h */ = {isa = PBXFileReference; fileEncoding = 4; lastKnownFileType = sourcecode.c.h; name = ANSegmentedControl.h; path = "../../../Downloads/ANSegmentedControl-master/Sample/Sample/ANSegmentedControl/ANSegmentedControl.h"; sourceTree = "<group>"; };
		1A9081BC16F8C61A00651C27 /* ANSegmentedControl.m */ = {isa = PBXFileReference; fileEncoding = 4; lastKnownFileType = sourcecode.c.objc; name = ANSegmentedControl.m; path = "../../../Downloads/ANSegmentedControl-master/Sample/Sample/ANSegmentedControl/ANSegmentedControl.m"; sourceTree = "<group>"; };
		1A9081BD16F8C61A00651C27 /* NSBezierPath+MCAdditions.h */ = {isa = PBXFileReference; fileEncoding = 4; lastKnownFileType = sourcecode.c.h; name = "NSBezierPath+MCAdditions.h"; path = "../../../Downloads/ANSegmentedControl-master/Sample/Sample/ANSegmentedControl/NSBezierPath+MCAdditions.h"; sourceTree = "<group>"; };
		1A9081BE16F8C61A00651C27 /* NSBezierPath+MCAdditions.m */ = {isa = PBXFileReference; fileEncoding = 4; lastKnownFileType = sourcecode.c.objc; name = "NSBezierPath+MCAdditions.m"; path = "../../../Downloads/ANSegmentedControl-master/Sample/Sample/ANSegmentedControl/NSBezierPath+MCAdditions.m"; sourceTree = "<group>"; };
		1A9081BF16F8C61A00651C27 /* NSShadow+MCAdditions.h */ = {isa = PBXFileReference; fileEncoding = 4; lastKnownFileType = sourcecode.c.h; name = "NSShadow+MCAdditions.h"; path = "../../../Downloads/ANSegmentedControl-master/Sample/Sample/ANSegmentedControl/NSShadow+MCAdditions.h"; sourceTree = "<group>"; };
		1A9081C016F8C61A00651C27 /* NSShadow+MCAdditions.m */ = {isa = PBXFileReference; fileEncoding = 4; lastKnownFileType = sourcecode.c.objc; name = "NSShadow+MCAdditions.m"; path = "../../../Downloads/ANSegmentedControl-master/Sample/Sample/ANSegmentedControl/NSShadow+MCAdditions.m"; sourceTree = "<group>"; };
		1A9081C616F8D79D00651C27 /* BackView.h */ = {isa = PBXFileReference; fileEncoding = 4; lastKnownFileType = sourcecode.c.h; path = BackView.h; sourceTree = "<group>"; };
		1A9081C716F8D79D00651C27 /* BackView.m */ = {isa = PBXFileReference; fileEncoding = 4; lastKnownFileType = sourcecode.c.objc; path = BackView.m; sourceTree = "<group>"; };
		1AD2AFD716F0E9F20058421C /* Spotify.h */ = {isa = PBXFileReference; fileEncoding = 4; lastKnownFileType = sourcecode.c.h; path = Spotify.h; sourceTree = "<group>"; };
		1AD2AFD816F0E9F20058421C /* PlayerApplication.h */ = {isa = PBXFileReference; fileEncoding = 4; lastKnownFileType = sourcecode.c.h; path = PlayerApplication.h; sourceTree = "<group>"; };
		1AD2AFD916F0E9F20058421C /* PlayerApplication.m */ = {isa = PBXFileReference; fileEncoding = 4; lastKnownFileType = sourcecode.c.objc; path = PlayerApplication.m; sourceTree = "<group>"; };
		1AE0644216E8FC04000E100A /* mbFliperViews.h */ = {isa = PBXFileReference; fileEncoding = 4; lastKnownFileType = sourcecode.c.h; path = mbFliperViews.h; sourceTree = "<group>"; };
		1AE0644316E8FC04000E100A /* mbFliperViews.m */ = {isa = PBXFileReference; fileEncoding = 4; lastKnownFileType = sourcecode.c.objc; path = mbFliperViews.m; sourceTree = "<group>"; };
		1AE5D82216E7B267009D1BF3 /* ControlView.h */ = {isa = PBXFileReference; fileEncoding = 4; lastKnownFileType = sourcecode.c.h; path = ControlView.h; sourceTree = "<group>"; };
		1AE5D82316E7B267009D1BF3 /* ControlView.m */ = {isa = PBXFileReference; fileEncoding = 4; lastKnownFileType = sourcecode.c.objc; path = ControlView.m; sourceTree = "<group>"; };
		DC1073DB16E3B11900EBF5FE /* MenubarController.h */ = {isa = PBXFileReference; fileEncoding = 4; lastKnownFileType = sourcecode.c.h; path = MenubarController.h; sourceTree = "<group>"; };
		DC1073DC16E3B11900EBF5FE /* MenubarController.m */ = {isa = PBXFileReference; fileEncoding = 4; lastKnownFileType = sourcecode.c.objc; path = MenubarController.m; sourceTree = "<group>"; };
		DC1073DD16E3B11900EBF5FE /* PanelController.h */ = {isa = PBXFileReference; fileEncoding = 4; lastKnownFileType = sourcecode.c.h; path = PanelController.h; sourceTree = "<group>"; };
		DC1073DE16E3B11900EBF5FE /* PanelController.m */ = {isa = PBXFileReference; fileEncoding = 4; lastKnownFileType = sourcecode.c.objc; path = PanelController.m; sourceTree = "<group>"; };
		DC1073DF16E3B11900EBF5FE /* Panel.h */ = {isa = PBXFileReference; fileEncoding = 4; lastKnownFileType = sourcecode.c.h; path = Panel.h; sourceTree = "<group>"; };
		DC1073E016E3B11900EBF5FE /* Panel.m */ = {isa = PBXFileReference; fileEncoding = 4; lastKnownFileType = sourcecode.c.objc; path = Panel.m; sourceTree = "<group>"; };
		DC1073E116E3B11900EBF5FE /* StatusItemView.h */ = {isa = PBXFileReference; fileEncoding = 4; lastKnownFileType = sourcecode.c.h; path = StatusItemView.h; sourceTree = "<group>"; };
		DC1073E216E3B11900EBF5FE /* StatusItemView.m */ = {isa = PBXFileReference; fileEncoding = 4; lastKnownFileType = sourcecode.c.objc; path = StatusItemView.m; sourceTree = "<group>"; };
		DC1073E316E3B11900EBF5FE /* BackgroundView.h */ = {isa = PBXFileReference; fileEncoding = 4; lastKnownFileType = sourcecode.c.h; path = BackgroundView.h; sourceTree = "<group>"; };
		DC1073E416E3B11900EBF5FE /* BackgroundView.m */ = {isa = PBXFileReference; fileEncoding = 4; lastKnownFileType = sourcecode.c.objc; path = BackgroundView.m; sourceTree = "<group>"; };
		DC1073EA16E3B11900EBF5FE /* Status.png */ = {isa = PBXFileReference; lastKnownFileType = image.png; path = Status.png; sourceTree = "<group>"; };
		DC1073EB16E3B11900EBF5FE /* StatusHighlighted.png */ = {isa = PBXFileReference; lastKnownFileType = image.png; path = StatusHighlighted.png; sourceTree = "<group>"; };
		DC1073ED16E3B11900EBF5FE /* Panel.xib */ = {isa = PBXFileReference; fileEncoding = 4; lastKnownFileType = file.xib; path = Panel.xib; sourceTree = "<group>"; };
		DC1073F316E3B11900EBF5FE /* Sample.tiff */ = {isa = PBXFileReference; lastKnownFileType = image.tiff; path = Sample.tiff; sourceTree = "<group>"; };
		DC1073F516E3B4A600EBF5FE /* Auckland_Next_alt.png */ = {isa = PBXFileReference; lastKnownFileType = image.png; path = Auckland_Next_alt.png; sourceTree = "<group>"; };
		DC1073F616E3B4A600EBF5FE /* Auckland_Next.png */ = {isa = PBXFileReference; lastKnownFileType = image.png; path = Auckland_Next.png; sourceTree = "<group>"; };
		DC1073F716E3B4A600EBF5FE /* Auckland_Pause_alt.png */ = {isa = PBXFileReference; lastKnownFileType = image.png; path = Auckland_Pause_alt.png; sourceTree = "<group>"; };
		DC1073F816E3B4A600EBF5FE /* Auckland_Pause.png */ = {isa = PBXFileReference; lastKnownFileType = image.png; path = Auckland_Pause.png; sourceTree = "<group>"; };
		DC1073F916E3B4A600EBF5FE /* Auckland_Play_alt.png */ = {isa = PBXFileReference; lastKnownFileType = image.png; path = Auckland_Play_alt.png; sourceTree = "<group>"; };
		DC1073FA16E3B4A600EBF5FE /* Auckland_Play.png */ = {isa = PBXFileReference; lastKnownFileType = image.png; path = Auckland_Play.png; sourceTree = "<group>"; };
		DC1073FB16E3B4A700EBF5FE /* Auckland_Previous_alt.png */ = {isa = PBXFileReference; lastKnownFileType = image.png; path = Auckland_Previous_alt.png; sourceTree = "<group>"; };
		DC1073FC16E3B4A700EBF5FE /* Auckland_Previous.png */ = {isa = PBXFileReference; lastKnownFileType = image.png; path = Auckland_Previous.png; sourceTree = "<group>"; };
/* End PBXFileReference section */

/* Begin PBXFrameworksBuildPhase section */
		1A2C713F16DE515D00091C15 /* Frameworks */ = {
			isa = PBXFrameworksBuildPhase;
			buildActionMask = 2147483647;
			files = (
				1A2C716916DE83CB00091C15 /* ScriptingBridge.framework in Frameworks */,
				1A2C716316DE58D300091C15 /* QuartzCore.framework in Frameworks */,
				1A2C714616DE515D00091C15 /* Cocoa.framework in Frameworks */,
			);
			runOnlyForDeploymentPostprocessing = 0;
		};
/* End PBXFrameworksBuildPhase section */

/* Begin PBXGroup section */
		1A2C713916DE515D00091C15 = {
			isa = PBXGroup;
			children = (
				1A2C714B16DE515D00091C15 /* Maori */,
				1A2C714416DE515D00091C15 /* Frameworks */,
				1A2C714316DE515D00091C15 /* Products */,
			);
			sourceTree = "<group>";
		};
		1A2C714316DE515D00091C15 /* Products */ = {
			isa = PBXGroup;
			children = (
				1A2C714216DE515D00091C15 /* Maori.app */,
			);
			name = Products;
			sourceTree = "<group>";
		};
		1A2C714416DE515D00091C15 /* Frameworks */ = {
			isa = PBXGroup;
			children = (
				1A2C716816DE83CB00091C15 /* ScriptingBridge.framework */,
				1A2C716216DE58D300091C15 /* QuartzCore.framework */,
				1A2C714516DE515D00091C15 /* Cocoa.framework */,
				1A2C714716DE515D00091C15 /* Other Frameworks */,
			);
			name = Frameworks;
			sourceTree = "<group>";
		};
		1A2C714716DE515D00091C15 /* Other Frameworks */ = {
			isa = PBXGroup;
			children = (
				1A2C714816DE515D00091C15 /* AppKit.framework */,
				1A2C714916DE515D00091C15 /* CoreData.framework */,
				1A2C714A16DE515D00091C15 /* Foundation.framework */,
			);
			name = "Other Frameworks";
			sourceTree = "<group>";
		};
		1A2C714B16DE515D00091C15 /* Maori */ = {
			isa = PBXGroup;
			children = (
				1A2C715716DE515D00091C15 /* AppDelegate.h */,
				1A2C715816DE515D00091C15 /* AppDelegate.m */,
				1A2C715A16DE515D00091C15 /* MainMenu.xib */,
				DC1073ED16E3B11900EBF5FE /* Panel.xib */,
				DC1073D916E3B11900EBF5FE /* PopUp */,
				DC1073F216E3B11900EBF5FE /* Images */,
				1AEACF8916EC352400420311 /* General */,
				1AEACF8816EC351300420311 /* Views */,
				1A2C714C16DE515D00091C15 /* Supporting Files */,
			);
			path = Maori;
			sourceTree = "<group>";
		};
		1A2C714C16DE515D00091C15 /* Supporting Files */ = {
			isa = PBXGroup;
			children = (
				1A2C714E16DE515D00091C15 /* InfoPlist.strings */,
				1A2C715116DE515D00091C15 /* main.m */,
				1A2C715316DE515D00091C15 /* Maori-Prefix.pch */,
				1A2C715416DE515D00091C15 /* Credits.rtf */,
				1A2C714D16DE515D00091C15 /* Maori-Info.plist */,
			);
			name = "Supporting Files";
			sourceTree = "<group>";
		};
		1A9081C516F8C62300651C27 /* ANSegment */ = {
			isa = PBXGroup;
			children = (
				1A9081B916F8C61A00651C27 /* ANSegmentedCell.h */,
				1A9081BA16F8C61A00651C27 /* ANSegmentedCell.m */,
				1A9081BB16F8C61A00651C27 /* ANSegmentedControl.h */,
				1A9081BC16F8C61A00651C27 /* ANSegmentedControl.m */,
				1A9081BD16F8C61A00651C27 /* NSBezierPath+MCAdditions.h */,
				1A9081BE16F8C61A00651C27 /* NSBezierPath+MCAdditions.m */,
				1A9081BF16F8C61A00651C27 /* NSShadow+MCAdditions.h */,
				1A9081C016F8C61A00651C27 /* NSShadow+MCAdditions.m */,
			);
			name = ANSegment;
			sourceTree = "<group>";
		};
		1AEACF8816EC351300420311 /* Views */ = {
			isa = PBXGroup;
			children = (
				1A9081C516F8C62300651C27 /* ANSegment */,
				1A6A0A3C16F781BD00939616 /* FontView.h */,
				1A6A0A3D16F781BD00939616 /* FontView.m */,
				1A9081C616F8D79D00651C27 /* BackView.h */,
				1A9081C716F8D79D00651C27 /* BackView.m */,
				1AE5D82216E7B267009D1BF3 /* ControlView.h */,
				1AE5D82316E7B267009D1BF3 /* ControlView.m */,
				1A801CC116EFA12E00532C54 /* SNRVerticalSliderCell.h */,
				1A801CC216EFA12E00532C54 /* SNRVerticalSliderCell.m */,
				1A801CB816EF8CE600532C54 /* LBProgressBar.h */,
				1A801CB916EF8CE600532C54 /* LBProgressBar.m */,
				1A801CB516EF8B3D00532C54 /* Background.h */,
				1A801CB616EF8B3D00532C54 /* Background.m */,
				1A2C716416DE7BC200091C15 /* StatusView.h */,
				1A2C716516DE7BC200091C15 /* StatusView.m */,
				1A801CE416EFA1F200532C54 /* JKSMoviePlayerSliderCell.h */,
				1A801CE516EFA1F200532C54 /* JKSMoviePlayerSliderCell.m */,
			);
			name = Views;
			sourceTree = "<group>";
		};
		1AEACF8916EC352400420311 /* General */ = {
			isa = PBXGroup;
			children = (
				1A3031DA16F1ECFF00C91EF4 /* ADPlayer.h */,
				1A3031DB16F1ECFF00C91EF4 /* ADPlayer.m */,
				1AD2AFD816F0E9F20058421C /* PlayerApplication.h */,
				1AD2AFD916F0E9F20058421C /* PlayerApplication.m */,
				1AD2AFD716F0E9F20058421C /* Spotify.h */,
				1A2C716716DE818E00091C15 /* iTunes.h */,
				1A3031DE16F2224B00C91EF4 /* Rdio.h */,
				1A3031DD16F2222A00C91EF4 /* Radium.h */,
				1A3031DF16F231B100C91EF4 /* ADTrack.h */,
				1A3031E016F231B100C91EF4 /* ADTrack.m */,
			);
			name = General;
			sourceTree = "<group>";
		};
		DC1073D916E3B11900EBF5FE /* PopUp */ = {
			isa = PBXGroup;
			children = (
				DC1073DB16E3B11900EBF5FE /* MenubarController.h */,
				DC1073DC16E3B11900EBF5FE /* MenubarController.m */,
				DC1073E116E3B11900EBF5FE /* StatusItemView.h */,
				DC1073E216E3B11900EBF5FE /* StatusItemView.m */,
				DC1073DD16E3B11900EBF5FE /* PanelController.h */,
				DC1073DE16E3B11900EBF5FE /* PanelController.m */,
				DC1073DF16E3B11900EBF5FE /* Panel.h */,
				DC1073E016E3B11900EBF5FE /* Panel.m */,
				DC1073E316E3B11900EBF5FE /* BackgroundView.h */,
				DC1073E416E3B11900EBF5FE /* BackgroundView.m */,
				1AE0644216E8FC04000E100A /* mbFliperViews.h */,
				1AE0644316E8FC04000E100A /* mbFliperViews.m */,
			);
			name = PopUp;
			sourceTree = "<group>";
		};
		DC1073F216E3B11900EBF5FE /* Images */ = {
			isa = PBXGroup;
			children = (
				1A9081B116F8B2D300651C27 /* iTunes mini_pause.png */,
				1A9081B216F8B2D300651C27 /* iTunes mini_play.png */,
				1A9081B316F8B2D300651C27 /* iTunes mini_prev.png */,
				1A9081B416F8B2D300651C27 /* iTunes mini_nexxt.png */,
				DC1073F516E3B4A600EBF5FE /* Auckland_Next_alt.png */,
				DC1073F616E3B4A600EBF5FE /* Auckland_Next.png */,
				DC1073F716E3B4A600EBF5FE /* Auckland_Pause_alt.png */,
				DC1073F816E3B4A600EBF5FE /* Auckland_Pause.png */,
				DC1073F916E3B4A600EBF5FE /* Auckland_Play_alt.png */,
				DC1073FA16E3B4A600EBF5FE /* Auckland_Play.png */,
				DC1073FB16E3B4A700EBF5FE /* Auckland_Previous_alt.png */,
				DC1073FC16E3B4A700EBF5FE /* Auckland_Previous.png */,
				DC1073F316E3B11900EBF5FE /* Sample.tiff */,
				DC1073EA16E3B11900EBF5FE /* Status.png */,
				DC1073EB16E3B11900EBF5FE /* StatusHighlighted.png */,
			);
			name = Images;
			sourceTree = "<group>";
		};
/* End PBXGroup section */

/* Begin PBXNativeTarget section */
		1A2C714116DE515D00091C15 /* Maori */ = {
			isa = PBXNativeTarget;
			buildConfigurationList = 1A2C715F16DE515D00091C15 /* Build configuration list for PBXNativeTarget "Maori" */;
			buildPhases = (
				1A2C713E16DE515D00091C15 /* Sources */,
				1A2C713F16DE515D00091C15 /* Frameworks */,
				1A2C714016DE515D00091C15 /* Resources */,
			);
			buildRules = (
			);
			dependencies = (
			);
			name = Maori;
			productName = Maori;
			productReference = 1A2C714216DE515D00091C15 /* Maori.app */;
			productType = "com.apple.product-type.application";
		};
/* End PBXNativeTarget section */

/* Begin PBXProject section */
		1A2C713A16DE515D00091C15 /* Project object */ = {
			isa = PBXProject;
			attributes = {
				LastUpgradeCheck = 0460;
				ORGANIZATIONNAME = "Dat Anh Truong";
			};
			buildConfigurationList = 1A2C713D16DE515D00091C15 /* Build configuration list for PBXProject "Maori" */;
			compatibilityVersion = "Xcode 3.2";
			developmentRegion = English;
			hasScannedForEncodings = 0;
			knownRegions = (
				en,
			);
			mainGroup = 1A2C713916DE515D00091C15;
			productRefGroup = 1A2C714316DE515D00091C15 /* Products */;
			projectDirPath = "";
			projectRoot = "";
			targets = (
				1A2C714116DE515D00091C15 /* Maori */,
			);
		};
/* End PBXProject section */

/* Begin PBXResourcesBuildPhase section */
		1A2C714016DE515D00091C15 /* Resources */ = {
			isa = PBXResourcesBuildPhase;
			buildActionMask = 2147483647;
			files = (
				1A2C715016DE515D00091C15 /* InfoPlist.strings in Resources */,
				1A2C715616DE515D00091C15 /* Credits.rtf in Resources */,
				1A2C715C16DE515D00091C15 /* MainMenu.xib in Resources */,
				DC1073EE16E3B11900EBF5FE /* Status.png in Resources */,
				DC1073EF16E3B11900EBF5FE /* StatusHighlighted.png in Resources */,
				DC1073F116E3B11900EBF5FE /* Panel.xib in Resources */,
				DC1073F416E3B11900EBF5FE /* Sample.tiff in Resources */,
				DC1073FD16E3B4A700EBF5FE /* Auckland_Next_alt.png in Resources */,
				DC1073FE16E3B4A700EBF5FE /* Auckland_Next.png in Resources */,
				DC1073FF16E3B4A700EBF5FE /* Auckland_Pause_alt.png in Resources */,
				DC10740016E3B4A700EBF5FE /* Auckland_Pause.png in Resources */,
				DC10740116E3B4A700EBF5FE /* Auckland_Play_alt.png in Resources */,
				DC10740216E3B4A700EBF5FE /* Auckland_Play.png in Resources */,
				DC10740316E3B4A700EBF5FE /* Auckland_Previous_alt.png in Resources */,
				DC10740416E3B4A700EBF5FE /* Auckland_Previous.png in Resources */,
				1A9081B516F8B2D400651C27 /* iTunes mini_pause.png in Resources */,
				1A9081B616F8B2D400651C27 /* iTunes mini_play.png in Resources */,
				1A9081B716F8B2D400651C27 /* iTunes mini_prev.png in Resources */,
				1A9081B816F8B2D400651C27 /* iTunes mini_nexxt.png in Resources */,
			);
			runOnlyForDeploymentPostprocessing = 0;
		};
/* End PBXResourcesBuildPhase section */

/* Begin PBXSourcesBuildPhase section */
		1A2C713E16DE515D00091C15 /* Sources */ = {
			isa = PBXSourcesBuildPhase;
			buildActionMask = 2147483647;
			files = (
				1A2C715216DE515D00091C15 /* main.m in Sources */,
				1A2C715916DE515D00091C15 /* AppDelegate.m in Sources */,
				1A2C716616DE7BC200091C15 /* StatusView.m in Sources */,
				DC1073E516E3B11900EBF5FE /* MenubarController.m in Sources */,
				DC1073E616E3B11900EBF5FE /* PanelController.m in Sources */,
				DC1073E716E3B11900EBF5FE /* Panel.m in Sources */,
				DC1073E816E3B11900EBF5FE /* StatusItemView.m in Sources */,
				DC1073E916E3B11900EBF5FE /* BackgroundView.m in Sources */,
				1AE5D82416E7B267009D1BF3 /* ControlView.m in Sources */,
				1AE0644416E8FC04000E100A /* mbFliperViews.m in Sources */,
				1A801CB716EF8B3D00532C54 /* Background.m in Sources */,
				1A801CBA16EF8CE600532C54 /* LBProgressBar.m in Sources */,
				1A801CC316EFA12F00532C54 /* SNRVerticalSliderCell.m in Sources */,
				1A801CE616EFA1F200532C54 /* JKSMoviePlayerSliderCell.m in Sources */,
				1AD2AFDA16F0E9F20058421C /* PlayerApplication.m in Sources */,
				1A3031DC16F1ECFF00C91EF4 /* ADPlayer.m in Sources */,
				1A3031E116F231B200C91EF4 /* ADTrack.m in Sources */,
				1A6A0A3E16F781BD00939616 /* FontView.m in Sources */,
				1A9081C116F8C61A00651C27 /* ANSegmentedCell.m in Sources */,
				1A9081C216F8C61A00651C27 /* ANSegmentedControl.m in Sources */,
				1A9081C316F8C61A00651C27 /* NSBezierPath+MCAdditions.m in Sources */,
				1A9081C416F8C61A00651C27 /* NSShadow+MCAdditions.m in Sources */,
				1A9081C816F8D79D00651C27 /* BackView.m in Sources */,
			);
			runOnlyForDeploymentPostprocessing = 0;
		};
/* End PBXSourcesBuildPhase section */

/* Begin PBXVariantGroup section */
		1A2C714E16DE515D00091C15 /* InfoPlist.strings */ = {
			isa = PBXVariantGroup;
			children = (
				1A2C714F16DE515D00091C15 /* en */,
			);
			name = InfoPlist.strings;
			sourceTree = "<group>";
		};
		1A2C715416DE515D00091C15 /* Credits.rtf */ = {
			isa = PBXVariantGroup;
			children = (
				1A2C715516DE515D00091C15 /* en */,
			);
			name = Credits.rtf;
			sourceTree = "<group>";
		};
		1A2C715A16DE515D00091C15 /* MainMenu.xib */ = {
			isa = PBXVariantGroup;
			children = (
				1A2C715B16DE515D00091C15 /* en */,
			);
			name = MainMenu.xib;
			sourceTree = "<group>";
		};
/* End PBXVariantGroup section */

/* Begin XCBuildConfiguration section */
		1A2C715D16DE515D00091C15 /* Debug */ = {
			isa = XCBuildConfiguration;
			buildSettings = {
				ALWAYS_SEARCH_USER_PATHS = NO;
				ARCHS = "$(ARCHS_STANDARD_64_BIT)";
				CLANG_CXX_LANGUAGE_STANDARD = "gnu++0x";
				CLANG_CXX_LIBRARY = "libc++";
				CLANG_ENABLE_OBJC_ARC = YES;
				CLANG_WARN_CONSTANT_CONVERSION = YES;
				CLANG_WARN_EMPTY_BODY = YES;
				CLANG_WARN_ENUM_CONVERSION = YES;
				CLANG_WARN_INT_CONVERSION = YES;
				CLANG_WARN__DUPLICATE_METHOD_MATCH = YES;
				COPY_PHASE_STRIP = NO;
				GCC_C_LANGUAGE_STANDARD = gnu99;
				GCC_DYNAMIC_NO_PIC = NO;
				GCC_ENABLE_OBJC_EXCEPTIONS = YES;
				GCC_OPTIMIZATION_LEVEL = 0;
				GCC_PREPROCESSOR_DEFINITIONS = (
					"DEBUG=1",
					"$(inherited)",
				);
				GCC_SYMBOLS_PRIVATE_EXTERN = NO;
				GCC_WARN_64_TO_32_BIT_CONVERSION = YES;
				GCC_WARN_ABOUT_RETURN_TYPE = YES;
				GCC_WARN_UNINITIALIZED_AUTOS = YES;
				GCC_WARN_UNUSED_VARIABLE = YES;
				MACOSX_DEPLOYMENT_TARGET = 10.8;
				ONLY_ACTIVE_ARCH = YES;
				SDKROOT = macosx;
			};
			name = Debug;
		};
		1A2C715E16DE515D00091C15 /* Release */ = {
			isa = XCBuildConfiguration;
			buildSettings = {
				ALWAYS_SEARCH_USER_PATHS = NO;
				ARCHS = "$(ARCHS_STANDARD_64_BIT)";
				CLANG_CXX_LANGUAGE_STANDARD = "gnu++0x";
				CLANG_CXX_LIBRARY = "libc++";
				CLANG_ENABLE_OBJC_ARC = YES;
				CLANG_WARN_CONSTANT_CONVERSION = YES;
				CLANG_WARN_EMPTY_BODY = YES;
				CLANG_WARN_ENUM_CONVERSION = YES;
				CLANG_WARN_INT_CONVERSION = YES;
				CLANG_WARN__DUPLICATE_METHOD_MATCH = YES;
				COPY_PHASE_STRIP = YES;
				DEBUG_INFORMATION_FORMAT = "dwarf-with-dsym";
				GCC_C_LANGUAGE_STANDARD = gnu99;
				GCC_ENABLE_OBJC_EXCEPTIONS = YES;
				GCC_WARN_64_TO_32_BIT_CONVERSION = YES;
				GCC_WARN_ABOUT_RETURN_TYPE = YES;
				GCC_WARN_UNINITIALIZED_AUTOS = YES;
				GCC_WARN_UNUSED_VARIABLE = YES;
				MACOSX_DEPLOYMENT_TARGET = 10.8;
				SDKROOT = macosx;
			};
			name = Release;
		};
		1A2C716016DE515D00091C15 /* Debug */ = {
			isa = XCBuildConfiguration;
			buildSettings = {
				COMBINE_HIDPI_IMAGES = YES;
				GCC_PRECOMPILE_PREFIX_HEADER = YES;
				GCC_PREFIX_HEADER = "Maori/Maori-Prefix.pch";
				INFOPLIST_FILE = "Maori/Maori-Info.plist";
				PRODUCT_NAME = "$(TARGET_NAME)";
				WRAPPER_EXTENSION = app;
			};
			name = Debug;
		};
		1A2C716116DE515D00091C15 /* Release */ = {
			isa = XCBuildConfiguration;
			buildSettings = {
				COMBINE_HIDPI_IMAGES = YES;
				GCC_PRECOMPILE_PREFIX_HEADER = YES;
				GCC_PREFIX_HEADER = "Maori/Maori-Prefix.pch";
				INFOPLIST_FILE = "Maori/Maori-Info.plist";
				PRODUCT_NAME = "$(TARGET_NAME)";
				WRAPPER_EXTENSION = app;
			};
			name = Release;
		};
/* End XCBuildConfiguration section */

/* Begin XCConfigurationList section */
		1A2C713D16DE515D00091C15 /* Build configuration list for PBXProject "Maori" */ = {
			isa = XCConfigurationList;
			buildConfigurations = (
				1A2C715D16DE515D00091C15 /* Debug */,
				1A2C715E16DE515D00091C15 /* Release */,
			);
			defaultConfigurationIsVisible = 0;
			defaultConfigurationName = Release;
		};
		1A2C715F16DE515D00091C15 /* Build configuration list for PBXNativeTarget "Maori" */ = {
			isa = XCConfigurationList;
			buildConfigurations = (
				1A2C716016DE515D00091C15 /* Debug */,
				1A2C716116DE515D00091C15 /* Release */,
			);
			defaultConfigurationIsVisible = 0;
			defaultConfigurationName = Release;
		};
/* End XCConfigurationList section */
	};
	rootObject = 1A2C713A16DE515D00091C15 /* Project object */;
}
